{"1.2.0",
[{<<"cowboy">>,{pkg,<<"cowboy">>,<<"2.7.0">>},1},
 {<<"cowlib">>,{pkg,<<"cowlib">>,<<"2.8.0">>},2},
 {<<"goldrush">>,{pkg,<<"goldrush">>,<<"0.1.9">>},1},
 {<<"gpb">>,{pkg,<<"gpb">>,<<"4.10.6">>},1},
 {<<"lager">>,{pkg,<<"lager">>,<<"3.8.0">>},0},
 {<<"maxwell_protocol">>,
  {git,"https://github.com/maxwell-dev/maxwell-protocol-erlang.git",
       {ref,"3c4847edce3a2796007640c24c0151e5d7b1870b"}},
  0},
 {<<"maxwell_server">>,
  {git,"https://github.com/maxwell-dev/maxwell-server.git",
       {ref,"3b13e7ba5e9294fa8f976d472d525aeab54f1ecd"}},
  0},
 {<<"ranch">>,{pkg,<<"ranch">>,<<"1.7.1">>},2},
 {<<"rocksdb">>,{pkg,<<"rocksdb">>,<<"1.6.0">>},0}]}.
[
{pkg_hash,[
 {<<"cowboy">>, <<"91ED100138A764355F43316B1D23D7FF6BDB0DE4EA618CB5D8677C93A7A2F115">>},
 {<<"cowlib">>, <<"FD0FF1787DB84AC415B8211573E9A30A3EBE71B5CBFF7F720089972B2319C8A4">>},
 {<<"goldrush">>, <<"F06E5D5F1277DA5C413E84D5A2924174182FB108DABB39D5EC548B27424CD106">>},
 {<<"gpb">>, <<"B3A63111C914DDBF74B9C7CF813F7BA4CC26F8A8A630B6A418202119ADD146B4">>},
 {<<"lager">>, <<"3402B9A7E473680CA179FC2F1D827CAB88DD37DD1E6113090C6F45EF05228A1C">>},
 {<<"ranch">>, <<"6B1FAB51B49196860B733A49C07604465A47BDB78AA10C1C16A3D199F7F8C881">>},
 {<<"rocksdb">>, <<"E3F7286987C901DA3286E38A676254CD575821DB00214B4745B94BB4BE82A1F3">>}]},
{pkg_hash_ext,[
 {<<"cowboy">>, <<"04FD8C6A39EDC6AAA9C26123009200FC61F92A3A94F3178C527B70B767C6E605">>},
 {<<"cowlib">>, <<"79F954A7021B302186A950A32869DBC185523D99D3E44CE430CD1F3289F41ED4">>},
 {<<"goldrush">>, <<"99CB4128CFFCB3227581E5D4D803D5413FA643F4EB96523F77D9E6937D994CEB">>},
 {<<"gpb">>, <<"A6429B3475E871176EC35EF7B3F19381E0C198EBA5EBB28C590DD1B5A08C6BC5">>},
 {<<"lager">>, <<"F6CB541B688EAB60730D8D286EB77256A5A9AD06EAC10D43BEAF55D07E68BBB6">>},
 {<<"ranch">>, <<"451D8527787DF716D99DC36162FCA05934915DB0B6141BBDAC2EA8D3C7AFC7D7">>},
 {<<"rocksdb">>, <<"4DFA34F05B678207578488D14776705AC13A29425EB1A0CEFCA4A8BC16E8B53F">>}]}
].
